
Microsoft Visual Studio Solution File, Format Version 12.00
# Visual Studio Version 16
VisualStudioVersion = 16.0.31410.357
MinimumVisualStudioVersion = 10.0.40219.1
Project("{9A19103F-16F7-4668-BE54-9A1E7A4F7556}") = "WebApi", "WebApi\WebApi.csproj", "{F21F6A9A-E452-49A0-889D-46060C154B04}"
EndProject
Project("{FAE04EC0-301F-11D3-BF4B-00C04F79EFBC}") = "test-book-store-api", "test-book-store-api\test-book-store-api.csproj", "{1A885BA2-AAC9-43F8-AE10-3EE63EE7665C}"
EndProject
Global
	GlobalSection(SolutionConfigurationPlatforms) = preSolution
		Debug|Any CPU = Debug|Any CPU
		Release|Any CPU = Release|Any CPU
	EndGlobalSection
	GlobalSection(ProjectConfigurationPlatforms) = postSolution
		{F21F6A9A-E452-49A0-889D-46060C154B04}.Debug|Any CPU.ActiveCfg = Debug|Any CPU
		{F21F6A9A-E452-49A0-889D-46060C154B04}.Debug|Any CPU.Build.0 = Debug|Any CPU
		{F21F6A9A-E452-49A0-889D-46060C154B04}.Release|Any CPU.ActiveCfg = Release|Any CPU
		{F21F6A9A-E452-49A0-889D-46060C154B04}.Release|Any CPU.Build.0 = Release|Any CPU
		{1A885BA2-AAC9-43F8-AE10-3EE63EE7665C}.Debug|Any CPU.ActiveCfg = Debug|Any CPU
		{1A885BA2-AAC9-43F8-AE10-3EE63EE7665C}.Debug|Any CPU.Build.0 = Debug|Any CPU
		{1A885BA2-AAC9-43F8-AE10-3EE63EE7665C}.Release|Any CPU.ActiveCfg = Release|Any CPU
		{1A885BA2-AAC9-43F8-AE10-3EE63EE7665C}.Release|Any CPU.Build.0 = Release|Any CPU
	EndGlobalSection
	GlobalSection(SolutionProperties) = preSolution
		HideSolutionNode = FALSE
	EndGlobalSection
	GlobalSection(ExtensibilityGlobals) = postSolution
		SolutionGuid = {8DAB044A-697C-4014-88D3-38C2475D5A28}
	EndGlobalSection
EndGlobal
